{
    "_readme": [
        "This file locks the dependencies of your project to a known state",
        "Read more about it at https://getcomposer.org/doc/01-basic-usage.md#installing-dependencies",
        "This file is @generated automatically"
    ],
    "content-hash": "a6e3dc76296086c0acb387c5f27a6ef6",
    "packages": [
        {
            "name": "bacon/bacon-qr-code",
            "version": "2.0.8",
            "source": {
                "type": "git",
                "url": "https://github.com/Bacon/BaconQrCode.git",
                "reference": "8674e51bb65af933a5ffaf1c308a660387c35c22"
            },
            "dist": {
                "type": "zip",
                "url": "https://api.github.com/repos/Bacon/BaconQrCode/zipball/8674e51bb65af933a5ffaf1c308a660387c35c22",
                "reference": "8674e51bb65af933a5ffaf1c308a660387c35c22",
                "shasum": ""
            },
            "require": {
                "dasprid/enum": "^1.0.3",
                "ext-iconv": "*",
                "php": "^7.1 || ^8.0"
            },
            "require-dev": {
                "phly/keep-a-changelog": "^2.1",
                "phpunit/phpunit": "^7 | ^8 | ^9",
                "spatie/phpunit-snapshot-assertions": "^4.2.9",
                "squizlabs/php_codesniffer": "^3.4"
            },
            "suggest": {
                "ext-imagick": "to generate QR code images"
            },
            "type": "library",
            "autoload": {
                "psr-4": {
                    "BaconQrCode\\": "src/"
                }
            },
            "notification-url": "https://packagist.org/downloads/",
            "license": [
                "BSD-2-Clause"
            ],
            "authors": [
                {
                    "name": "Ben Scholzen 'DASPRiD'",
                    "email": "mail@dasprids.de",
                    "homepage": "https://dasprids.de/",
                    "role": "Developer"
                }
            ],
            "description": "BaconQrCode is a QR code generator for PHP.",
            "homepage": "https://github.com/Bacon/BaconQrCode",
            "support": {
                "issues": "https://github.com/Bacon/BaconQrCode/issues",
                "source": "https://github.com/Bacon/BaconQrCode/tree/2.0.8"
            },
            "time": "2022-12-07T17:46:57+00:00"
        },
        {
            "name": "bramus/router",
            "version": "1.6.1",
            "source": {
                "type": "git",
                "url": "https://github.com/bramus/router.git",
                "reference": "55657b76da8a0a509250fb55b9dd24e1aa237eba"
            },
            "dist": {
                "type": "zip",
                "url": "https://api.github.com/repos/bramus/router/zipball/55657b76da8a0a509250fb55b9dd24e1aa237eba",
                "reference": "55657b76da8a0a509250fb55b9dd24e1aa237eba",
                "shasum": ""
            },
            "require": {
                "php": ">=5.3.0"
            },
            "require-dev": {
                "friendsofphp/php-cs-fixer": "~2.14",
                "phpunit/php-code-coverage": "~2.0",
                "phpunit/phpunit": "~4.8"
            },
            "type": "library",
            "autoload": {
                "psr-0": {
                    "Bramus": "src/"
                }
            },
            "notification-url": "https://packagist.org/downloads/",
            "license": [
                "MIT"
            ],
            "authors": [
                {
                    "name": "Bram(us) Van Damme",
                    "email": "bramus@bram.us",
                    "homepage": "http://www.bram.us"
                }
            ],
            "description": "A lightweight and simple object oriented PHP Router",
            "homepage": "https://github.com/bramus/router",
            "keywords": [
                "router",
                "routing"
            ],
            "support": {
                "issues": "https://github.com/bramus/router/issues",
                "source": "https://github.com/bramus/router/tree/1.6.1"
            },
            "time": "2021-11-18T19:24:07+00:00"
        },
        {
            "name": "dasprid/enum",
            "version": "1.0.3",
            "source": {
                "type": "git",
                "url": "https://github.com/DASPRiD/Enum.git",
                "reference": "5abf82f213618696dda8e3bf6f64dd042d8542b2"
            },
            "dist": {
                "type": "zip",
                "url": "https://api.github.com/repos/DASPRiD/Enum/zipball/5abf82f213618696dda8e3bf6f64dd042d8542b2",
                "reference": "5abf82f213618696dda8e3bf6f64dd042d8542b2",
                "shasum": ""
            },
            "require-dev": {
                "phpunit/phpunit": "^7 | ^8 | ^9",
                "squizlabs/php_codesniffer": "^3.4"
            },
            "type": "library",
            "autoload": {
                "psr-4": {
                    "DASPRiD\\Enum\\": "src/"
                }
            },
            "notification-url": "https://packagist.org/downloads/",
            "license": [
                "BSD-2-Clause"
            ],
            "authors": [
                {
                    "name": "Ben Scholzen 'DASPRiD'",
                    "email": "mail@dasprids.de",
                    "homepage": "https://dasprids.de/",
                    "role": "Developer"
                }
            ],
            "description": "PHP 7.1 enum implementation",
            "keywords": [
                "enum",
                "map"
            ],
            "support": {
                "issues": "https://github.com/DASPRiD/Enum/issues",
                "source": "https://github.com/DASPRiD/Enum/tree/1.0.3"
            },
            "time": "2020-10-02T16:03:48+00:00"
        },
        {
            "name": "endroid/qr-code",
            "version": "4.7.0",
            "source": {
                "type": "git",
                "url": "https://github.com/endroid/qr-code.git",
                "reference": "027522766a7bb40e15686fd380b77e0aaa76b7d4"
            },
            "dist": {
                "type": "zip",
                "url": "https://api.github.com/repos/endroid/qr-code/zipball/027522766a7bb40e15686fd380b77e0aaa76b7d4",
                "reference": "027522766a7bb40e15686fd380b77e0aaa76b7d4",
                "shasum": ""
            },
            "require": {
                "bacon/bacon-qr-code": "^2.0.5",
                "php": "^8.0"
            },
            "conflict": {
                "khanamiryan/qrcode-detector-decoder": "^1.0.6"
            },
            "require-dev": {
                "endroid/quality": "dev-master",
                "ext-gd": "*",
                "khanamiryan/qrcode-detector-decoder": "^1.0.4||^2.0.2",
                "setasign/fpdf": "^1.8.2"
            },
            "suggest": {
                "ext-gd": "Enables you to write PNG images",
                "khanamiryan/qrcode-detector-decoder": "Enables you to use the image validator",
                "roave/security-advisories": "Makes sure package versions with known security issues are not installed",
                "setasign/fpdf": "Enables you to use the PDF writer"
            },
            "type": "library",
            "extra": {
                "branch-alias": {
                    "dev-master": "4.x-dev"
                }
            },
            "autoload": {
                "psr-4": {
                    "Endroid\\QrCode\\": "src/"
                }
            },
            "notification-url": "https://packagist.org/downloads/",
            "license": [
                "MIT"
            ],
            "authors": [
                {
                    "name": "Jeroen van den Enden",
                    "email": "info@endroid.nl"
                }
            ],
            "description": "Endroid QR Code",
            "homepage": "https://github.com/endroid/qr-code",
            "keywords": [
                "code",
                "endroid",
                "php",
                "qr",
                "qrcode"
            ],
            "support": {
                "issues": "https://github.com/endroid/qr-code/issues",
                "source": "https://github.com/endroid/qr-code/tree/4.7.0"
            },
            "funding": [
                {
                    "url": "https://github.com/endroid",
                    "type": "github"
                }
            ],
            "time": "2022-12-12T16:10:52+00:00"
        }
    ],
    "packages-dev": [],
    "aliases": [],
    "minimum-stability": "stable",
    "stability-flags": [],
    "prefer-stable": false,
    "prefer-lowest": false,
    "platform": [],
    "platform-dev": [],
    "plugin-api-version": "2.3.0"
}
