{
    "_readme": [
        "This file locks the dependencies of your project to a known state",
        "Read more about it at https://getcomposer.org/doc/01-basic-usage.md#installing-dependencies",
        "This file is @generated automatically"
    ],
    "content-hash": "340ae79d8b0257cfa76e9e5eca209e73",
    "packages": [
        {
            "name": "league/flysystem",
            "version": "3.15.1",
            "source": {
                "type": "git",
                "url": "https://github.com/thephpleague/flysystem.git",
                "reference": "a141d430414fcb8bf797a18716b09f759a385bed"
            },
            "dist": {
                "type": "zip",
                "url": "https://api.github.com/repos/thephpleague/flysystem/zipball/a141d430414fcb8bf797a18716b09f759a385bed",
                "reference": "a141d430414fcb8bf797a18716b09f759a385bed",
                "shasum": ""
            },
            "require": {
                "league/flysystem-local": "^3.0.0",
                "league/mime-type-detection": "^1.0.0",
                "php": "^8.0.2"
            },
            "conflict": {
                "aws/aws-sdk-php": "3.209.31 || 3.210.0",
                "guzzlehttp/guzzle": "<7.0",
                "guzzlehttp/ringphp": "<1.1.1",
                "phpseclib/phpseclib": "3.0.15",
                "symfony/http-client": "<5.2"
            },
            "require-dev": {
                "async-aws/s3": "^1.5",
                "async-aws/simple-s3": "^1.1",
                "aws/aws-sdk-php": "^3.220.0",
                "composer/semver": "^3.0",
                "ext-fileinfo": "*",
                "ext-ftp": "*",
                "ext-zip": "*",
                "friendsofphp/php-cs-fixer": "^3.5",
                "google/cloud-storage": "^1.23",
                "microsoft/azure-storage-blob": "^1.1",
                "phpseclib/phpseclib": "^3.0.14",
                "phpstan/phpstan": "^0.12.26",
                "phpunit/phpunit": "^9.5.11",
                "sabre/dav": "^4.3.1"
            },
            "type": "library",
            "autoload": {
                "psr-4": {
                    "League\\Flysystem\\": "src"
                }
            },
            "notification-url": "https://packagist.org/downloads/",
            "license": [
                "MIT"
            ],
            "authors": [
                {
                    "name": "Frank de Jonge",
                    "email": "info@frankdejonge.nl"
                }
            ],
            "description": "File storage abstraction for PHP",
            "keywords": [
                "WebDAV",
                "aws",
                "cloud",
                "file",
                "files",
                "filesystem",
                "filesystems",
                "ftp",
                "s3",
                "sftp",
                "storage"
            ],
            "support": {
                "issues": "https://github.com/thephpleague/flysystem/issues",
                "source": "https://github.com/thephpleague/flysystem/tree/3.15.1"
            },
            "funding": [
                {
                    "url": "https://ecologi.com/frankdejonge",
                    "type": "custom"
                },
                {
                    "url": "https://github.com/frankdejonge",
                    "type": "github"
                }
            ],
            "time": "2023-05-04T09:04:26+00:00"
        },
        {
            "name": "league/flysystem-ftp",
            "version": "3.15.0",
            "source": {
                "type": "git",
                "url": "https://github.com/thephpleague/flysystem-ftp.git",
                "reference": "8b288ff74e85b6d7a247aa7898490e4bd4215795"
            },
            "dist": {
                "type": "zip",
                "url": "https://api.github.com/repos/thephpleague/flysystem-ftp/zipball/8b288ff74e85b6d7a247aa7898490e4bd4215795",
                "reference": "8b288ff74e85b6d7a247aa7898490e4bd4215795",
                "shasum": ""
            },
            "require": {
                "ext-ftp": "*",
                "league/flysystem": "^3.0.0",
                "league/mime-type-detection": "^1.0.0",
                "php": "^8.0.2"
            },
            "type": "library",
            "autoload": {
                "psr-4": {
                    "League\\Flysystem\\Ftp\\": ""
                }
            },
            "notification-url": "https://packagist.org/downloads/",
            "license": [
                "MIT"
            ],
            "authors": [
                {
                    "name": "Frank de Jonge",
                    "email": "info@frankdejonge.nl"
                }
            ],
            "description": "FTP filesystem adapter for Flysystem.",
            "keywords": [
                "Flysystem",
                "file",
                "files",
                "filesystem",
                "ftp",
                "ftpd"
            ],
            "support": {
                "source": "https://github.com/thephpleague/flysystem-ftp/tree/3.15.0"
            },
            "funding": [
                {
                    "url": "https://ecologi.com/frankdejonge",
                    "type": "custom"
                },
                {
                    "url": "https://github.com/frankdejonge",
                    "type": "github"
                }
            ],
            "time": "2023-05-02T20:02:14+00:00"
        },
        {
            "name": "league/flysystem-local",
            "version": "3.15.0",
            "source": {
                "type": "git",
                "url": "https://github.com/thephpleague/flysystem-local.git",
                "reference": "543f64c397fefdf9cfeac443ffb6beff602796b3"
            },
            "dist": {
                "type": "zip",
                "url": "https://api.github.com/repos/thephpleague/flysystem-local/zipball/543f64c397fefdf9cfeac443ffb6beff602796b3",
                "reference": "543f64c397fefdf9cfeac443ffb6beff602796b3",
                "shasum": ""
            },
            "require": {
                "ext-fileinfo": "*",
                "league/flysystem": "^3.0.0",
                "league/mime-type-detection": "^1.0.0",
                "php": "^8.0.2"
            },
            "type": "library",
            "autoload": {
                "psr-4": {
                    "League\\Flysystem\\Local\\": ""
                }
            },
            "notification-url": "https://packagist.org/downloads/",
            "license": [
                "MIT"
            ],
            "authors": [
                {
                    "name": "Frank de Jonge",
                    "email": "info@frankdejonge.nl"
                }
            ],
            "description": "Local filesystem adapter for Flysystem.",
            "keywords": [
                "Flysystem",
                "file",
                "files",
                "filesystem",
                "local"
            ],
            "support": {
                "issues": "https://github.com/thephpleague/flysystem-local/issues",
                "source": "https://github.com/thephpleague/flysystem-local/tree/3.15.0"
            },
            "funding": [
                {
                    "url": "https://ecologi.com/frankdejonge",
                    "type": "custom"
                },
                {
                    "url": "https://github.com/frankdejonge",
                    "type": "github"
                }
            ],
            "time": "2023-05-02T20:02:14+00:00"
        },
        {
            "name": "league/flysystem-ziparchive",
            "version": "3.15.0",
            "source": {
                "type": "git",
                "url": "https://github.com/thephpleague/flysystem-ziparchive.git",
                "reference": "cb51f956c0e6a1ec51e850a292b55662518f040b"
            },
            "dist": {
                "type": "zip",
                "url": "https://api.github.com/repos/thephpleague/flysystem-ziparchive/zipball/cb51f956c0e6a1ec51e850a292b55662518f040b",
                "reference": "cb51f956c0e6a1ec51e850a292b55662518f040b",
                "shasum": ""
            },
            "require": {
                "ext-zip": "*",
                "league/flysystem": "^3.0.0",
                "league/mime-type-detection": "^1.0.0",
                "php": "^8.0.2"
            },
            "type": "library",
            "autoload": {
                "psr-4": {
                    "League\\Flysystem\\ZipArchive\\": ""
                }
            },
            "notification-url": "https://packagist.org/downloads/",
            "license": [
                "MIT"
            ],
            "authors": [
                {
                    "name": "Frank de Jonge",
                    "email": "info@frankdejonge.nl"
                }
            ],
            "description": "ZIP filesystem adapter for Flysystem.",
            "keywords": [
                "Flysystem",
                "file",
                "files",
                "filesystem",
                "zip"
            ],
            "support": {
                "issues": "https://github.com/thephpleague/flysystem-ziparchive/issues",
                "source": "https://github.com/thephpleague/flysystem-ziparchive/tree/3.15.0"
            },
            "funding": [
                {
                    "url": "https://ecologi.com/frankdejonge",
                    "type": "custom"
                },
                {
                    "url": "https://github.com/frankdejonge",
                    "type": "github"
                }
            ],
            "time": "2023-05-02T20:02:14+00:00"
        },
        {
            "name": "league/mime-type-detection",
            "version": "1.13.0",
            "source": {
                "type": "git",
                "url": "https://github.com/thephpleague/mime-type-detection.git",
                "reference": "a6dfb1194a2946fcdc1f38219445234f65b35c96"
            },
            "dist": {
                "type": "zip",
                "url": "https://api.github.com/repos/thephpleague/mime-type-detection/zipball/a6dfb1194a2946fcdc1f38219445234f65b35c96",
                "reference": "a6dfb1194a2946fcdc1f38219445234f65b35c96",
                "shasum": ""
            },
            "require": {
                "ext-fileinfo": "*",
                "php": "^7.4 || ^8.0"
            },
            "require-dev": {
                "friendsofphp/php-cs-fixer": "^3.2",
                "phpstan/phpstan": "^0.12.68",
                "phpunit/phpunit": "^8.5.8 || ^9.3 || ^10.0"
            },
            "type": "library",
            "autoload": {
                "psr-4": {
                    "League\\MimeTypeDetection\\": "src"
                }
            },
            "notification-url": "https://packagist.org/downloads/",
            "license": [
                "MIT"
            ],
            "authors": [
                {
                    "name": "Frank de Jonge",
                    "email": "info@frankdejonge.nl"
                }
            ],
            "description": "Mime-type detection for Flysystem",
            "support": {
                "issues": "https://github.com/thephpleague/mime-type-detection/issues",
                "source": "https://github.com/thephpleague/mime-type-detection/tree/1.13.0"
            },
            "funding": [
                {
                    "url": "https://github.com/frankdejonge",
                    "type": "github"
                },
                {
                    "url": "https://tidelift.com/funding/github/packagist/league/flysystem",
                    "type": "tidelift"
                }
            ],
            "time": "2023-08-05T12:09:49+00:00"
        }
    ],
    "packages-dev": [],
    "aliases": [],
    "minimum-stability": "stable",
    "stability-flags": [],
    "prefer-stable": false,
    "prefer-lowest": false,
    "platform": [],
    "platform-dev": [],
    "plugin-api-version": "2.3.0"
}
